{"1.2.0",
[{<<"certifi">>,{pkg,<<"certifi">>,<<"2.11.0">>},2},
 {<<"cf">>,{pkg,<<"cf">>,<<"0.3.1">>},3},
 {<<"cowboy">>,{pkg,<<"cowboy">>,<<"2.9.0">>},0},
 {<<"cowlib">>,{pkg,<<"cowlib">>,<<"2.11.0">>},1},
 {<<"enotify">>,{pkg,<<"enotify">>,<<"0.1.0">>},2},
 {<<"eper">>,{pkg,<<"eper">>,<<"0.99.1">>},2},
 {<<"erlware_commons">>,{pkg,<<"erlware_commons">>,<<"1.6.0">>},2},
 {<<"gun">>,
  {git,"https://github.com/ninenines/gun.git",
       {ref,"48eefebff2d0412bf6fe8a53182ef88a443b293f"}},
  2},
 {<<"jsone">>,{pkg,<<"jsone">>,<<"1.8.0">>},0},
 {<<"meck">>,{pkg,<<"meck">>,<<"0.9.2">>},2},
 {<<"mimerl">>,{pkg,<<"mimerl">>,<<"1.2.0">>},2},
 {<<"nklib">>,
  {git,"https://github.com/byronpc/nklib",
       {ref,"9e587cf5314544bd2e9e55b1d0aedb55e5312718"}},
  1},
 {<<"nkpacket">>,
  {git,"https://github.com/byronpc/nkpacket",
       {ref,"5763ef583d8b8792caaacfc909122f3484a69721"}},
  1},
 {<<"nkserver">>,
  {git,"https://github.com/byronpc/nkserver",
       {ref,"23e1615b93404451ba5b0be9434015bbfad1fd66"}},
  1},
 {<<"nksip">>,
  {git,"https://github.com/byronpc/nksip",
       {ref,"5355e0363273acf5a2d271cdd17b494b4a2e048a"}},
  0},
 {<<"parsexml">>,{pkg,<<"parsexml">>,<<"1.0.0">>},2},
 {<<"qdate">>,{pkg,<<"qdate">>,<<"0.7.0">>},2},
 {<<"qdate_localtime">>,{pkg,<<"qdate_localtime">>,<<"1.2.1">>},2},
 {<<"ranch">>,{pkg,<<"ranch">>,<<"2.1.0">>},0},
 {<<"recon">>,{pkg,<<"recon">>,<<"2.5.3">>},2},
 {<<"rfc3339">>,{pkg,<<"rfc3339">>,<<"0.9.0">>},2},
 {<<"ssl_verify_fun">>,{pkg,<<"ssl_verify_fun">>,<<"1.1.6">>},2},
 {<<"yamerl">>,{pkg,<<"yamerl">>,<<"0.10.0">>},2}]}.
[
{pkg_hash,[
 {<<"certifi">>, <<"5ADFE37CEB8569D019F836944AEAF27F8AC391DACAF3707F570C155B7E03AAA8">>},
 {<<"cf">>, <<"5CB902239476E141EA70A740340233782D363A31EEA8AD37049561542E6CD641">>},
 {<<"cowboy">>, <<"865DD8B6607E14CF03282E10E934023A1BD8BE6F6BACF921A7E2A96D800CD452">>},
 {<<"cowlib">>, <<"0B9FF9C346629256C42EBE1EEB769A83C6CB771A6EE5960BD110AB0B9B872063">>},
 {<<"enotify">>, <<"F6BF33AA7BC4789D953087E48C6ADBC6D9682B6D67E4BC353C2FDB96C5AC5595">>},
 {<<"eper">>, <<"A50698B6803B8732AD6575285320999FE73E160A1A9FF7EFCAB6B6F818BD2C1F">>},
 {<<"erlware_commons">>, <<"E0DA62F91E65DEFAE28BB450DDC3C24E85ECB99B926F857CDC6ED8E7DD7076B4">>},
 {<<"jsone">>, <<"347FF1FA700E182E1F9C5012FA6D737B12C854313B9AE6954CA75D3987D6C06D">>},
 {<<"meck">>, <<"85CCBAB053F1DB86C7CA240E9FC718170EE5BDA03810A6292B5306BF31BAE5F5">>},
 {<<"mimerl">>, <<"67E2D3F571088D5CFD3E550C383094B47159F3EEE8FFA08E64106CDF5E981BE3">>},
 {<<"parsexml">>, <<"62DB6B80C2F55F7C0A8CBCD124B34B8E1C29EDDCC88D13E170C3A1302A3E1E8D">>},
 {<<"qdate">>, <<"EBFFBE723E5290714ADCB74AFA1FBDB89DF152586B491F56306B29526D93975B">>},
 {<<"qdate_localtime">>, <<"72E1034DC6B7FEE8F588281EDDD0BD0DC5260005D758052F50634D265D382C18">>},
 {<<"ranch">>, <<"2261F9ED9574DCFCC444106B9F6DA155E6E540B2F82BA3D42B339B93673B72A3">>},
 {<<"recon">>, <<"739107B9050EA683C30E96DE050BC59248FD27EC147696F79A8797FF9FA17153">>},
 {<<"rfc3339">>, <<"2075653DC9407541C84B1E15F8BDA2ABE95FB17C9694025E079583F2D19C1060">>},
 {<<"ssl_verify_fun">>, <<"CF344F5692C82D2CD7554F5EC8FD961548D4FD09E7D22F5B62482E5AEAEBD4B0">>},
 {<<"yamerl">>, <<"4FF81FEE2F1F6A46F1700C0D880B24D193DDB74BD14EF42CB0BCF46E81EF2F8E">>}]},
{pkg_hash_ext,[
 {<<"certifi">>, <<"9E37E0542EC3FABAA19A0734B3900DC095797FAC48C40A2A9741D8AD5E3C9BB7">>},
 {<<"cf">>, <<"315E8D447D3A4B02BCDBFA397AD03BBB988A6E0AA6F44D3ADD0F4E3C3BF97672">>},
 {<<"cowboy">>, <<"2C729F934B4E1AA149AFF882F57C6372C15399A20D54F65C8D67BEF583021BDE">>},
 {<<"cowlib">>, <<"2B3E9DA0B21C4565751A6D4901C20D1B4CC25CBB7FD50D91D2AB6DD287BC86A9">>},
 {<<"enotify">>, <<"8E48DA763CE15BFD75CC857DDFE5011B03189D597F47BCDD8ACC6FBBE8E6B6F4">>},
 {<<"eper">>, <<"1D2685445C401C4D91E23EA59B8FD327C29186DFB5F3B271D3C1EB73A3CBC9F3">>},
 {<<"erlware_commons">>, <<"B57C299C39A2992A8C413F9D2C1B8A20061310FB4432B0EEE5E4C4DF7AAA0AA3">>},
 {<<"jsone">>, <<"08560B78624A12E0B5E7EC0271EC8CA38EF51F63D84D84843473E14D9B12618C">>},
 {<<"meck">>, <<"81344F561357DC40A8344AFA53767C32669153355B626EA9FCBC8DA6B3045826">>},
 {<<"mimerl">>, <<"F278585650AA581986264638EBF698F8BB19DF297F66AD91B18910DFC6E19323">>},
 {<<"parsexml">>, <<"D7F678BE0D15A971927D9138C1CE962F81648F16E3233191CA37BA2638C06AC8">>},
 {<<"qdate">>, <<"4D053F50D29D508FAF74AB1CEEC035476987DB411694CDC87C23E2F7A5BE08DB">>},
 {<<"qdate_localtime">>, <<"1109958D205C65C595C8C5694CB83EBAF2DBE770CF902E4DCE8AFB2C4123764D">>},
 {<<"ranch">>, <<"244EE3FA2A6175270D8E1FC59024FD9DBC76294A321057DE8F803B1479E76916">>},
 {<<"recon">>, <<"6C6683F46FD4A1DFD98404B9F78DCABC7FCD8826613A89DCB984727A8C3099D7">>},
 {<<"rfc3339">>, <<"182314DE35C9F4180B22EB5F22916D8D7A799C1109A060C752970273A9332AD6">>},
 {<<"ssl_verify_fun">>, <<"BDB0D2471F453C88FF3908E7686F86F9BE327D065CC1EC16FA4540197EA04680">>},
 {<<"yamerl">>, <<"346ADB2963F1051DC837A2364E4ACF6EB7D80097C0F53CBDC3046EC8EC4B4E6E">>}]}
].
